
Microsoft Visual Studio Solution File, Format Version 12.00
# Visual Studio Version 17
VisualStudioVersion = 17.3.32901.215
MinimumVisualStudioVersion = 10.0.40219.1
Project("{FAE04EC0-301F-11D3-BF4B-00C04F79EFBC}") = "creature-me", "creature-me.csproj", "{CD7751EA-AF41-40B1-8F72-7C91D5E1DBFA}"
EndProject
Global
	GlobalSection(SolutionConfigurationPlatforms) = preSolution
		Debug|Any CPU = Debug|Any CPU
		Release|Any CPU = Release|Any CPU
	EndGlobalSection
	GlobalSection(ProjectConfigurationPlatforms) = postSolution
		{CD7751EA-AF41-40B1-8F72-7C91D5E1DBFA}.Debug|Any CPU.ActiveCfg = Debug|Any CPU
		{CD7751EA-AF41-40B1-8F72-7C91D5E1DBFA}.Debug|Any CPU.Build.0 = Debug|Any CPU
		{CD7751EA-AF41-40B1-8F72-7C91D5E1DBFA}.Release|Any CPU.ActiveCfg = Release|Any CPU
		{CD7751EA-AF41-40B1-8F72-7C91D5E1DBFA}.Release|Any CPU.Build.0 = Release|Any CPU
	EndGlobalSection
	GlobalSection(SolutionProperties) = preSolution
		HideSolutionNode = FALSE
	EndGlobalSection
	GlobalSection(ExtensibilityGlobals) = postSolution
		SolutionGuid = {D2409E1E-1DCA-4FE9-B078-BB97FE174734}
	EndGlobalSection
EndGlobal
